
Microsoft Visual Studio Solution File, Format Version 12.00
# Visual Studio Version 16
VisualStudioVersion = 16.0.29123.88
MinimumVisualStudioVersion = 10.0.40219.1
Project("{FAE04EC0-301F-11D3-BF4B-00C04F79EFBC}") = "Log_A_Blog_API", "Log_A_Blog_API\Log_A_Blog_API.csproj", "{9845BA56-589B-46C9-BCE2-EF74D7E8DD72}"
EndProject
Global
	GlobalSection(SolutionConfigurationPlatforms) = preSolution
		Debug|Any CPU = Debug|Any CPU
		Release|Any CPU = Release|Any CPU
	EndGlobalSection
	GlobalSection(ProjectConfigurationPlatforms) = postSolution
		{9845BA56-589B-46C9-BCE2-EF74D7E8DD72}.Debug|Any CPU.ActiveCfg = Debug|Any CPU
		{9845BA56-589B-46C9-BCE2-EF74D7E8DD72}.Debug|Any CPU.Build.0 = Debug|Any CPU
		{9845BA56-589B-46C9-BCE2-EF74D7E8DD72}.Release|Any CPU.ActiveCfg = Release|Any CPU
		{9845BA56-589B-46C9-BCE2-EF74D7E8DD72}.Release|Any CPU.Build.0 = Release|Any CPU
	EndGlobalSection
	GlobalSection(SolutionProperties) = preSolution
		HideSolutionNode = FALSE
	EndGlobalSection
	GlobalSection(ExtensibilityGlobals) = postSolution
		SolutionGuid = {AD87C0FF-ECAA-41CC-BD15-D1C6A27024B4}
	EndGlobalSection
EndGlobal
