
Microsoft Visual Studio Solution File, Format Version 12.00
# Visual Studio Version 16
VisualStudioVersion = 16.0.29123.88
MinimumVisualStudioVersion = 10.0.40219.1
Project("{FAE04EC0-301F-11D3-BF4B-00C04F79EFBC}") = "BlogApi", "BlogApi.csproj", "{B6203807-4046-45B6-8A53-657996822F96}"
EndProject
Global
	GlobalSection(SolutionConfigurationPlatforms) = preSolution
		Debug|Any CPU = Debug|Any CPU
		Release|Any CPU = Release|Any CPU
	EndGlobalSection
	GlobalSection(ProjectConfigurationPlatforms) = postSolution
		{B6203807-4046-45B6-8A53-657996822F96}.Debug|Any CPU.ActiveCfg = Debug|Any CPU
		{B6203807-4046-45B6-8A53-657996822F96}.Debug|Any CPU.Build.0 = Debug|Any CPU
		{B6203807-4046-45B6-8A53-657996822F96}.Release|Any CPU.ActiveCfg = Release|Any CPU
		{B6203807-4046-45B6-8A53-657996822F96}.Release|Any CPU.Build.0 = Release|Any CPU
	EndGlobalSection
	GlobalSection(SolutionProperties) = preSolution
		HideSolutionNode = FALSE
	EndGlobalSection
	GlobalSection(ExtensibilityGlobals) = postSolution
		SolutionGuid = {E511AF6B-CCEB-41E5-958B-53B8F1DB5677}
	EndGlobalSection
EndGlobal
